{
  "name": "cineverse-streaming-platform",
  "version": "1.0.0",
  "lockfileVersion": 3,
  "requires": true,
  "packages": {
    "": {
      "name": "cineverse-streaming-platform",
      "version": "1.0.0",
      "license": "UNLICENSED",
      "dependencies": {
        "hls.js": "^1.5.8"
      },
      "devDependencies": {
        "prettier": "^3.2.5"
      }
    },
    "node_modules/hls.js": {
      "version": "1.5.8",
      "resolved": "https://registry.npmjs.org/hls.js/-/hls.js-1.5.8.tgz",
      "integrity": "sha512-H/8EaHiaYQvFvY66/oN45E8X6L41iK2P13kK1bO04Pq/2eD023i6D852vA8vK43P2h9/iX7Xm2K6V8M3h7fF+Q==",
      "license": "Apache-2.0"
    },
    "node_modules/prettier": {
      "version": "3.2.5",
      "resolved": "https://registry.npmjs.org/prettier/-/prettier-3.2.5.tgz",
      "integrity": "sha512-3PZyFdumuHGzrsKootE1tgCzcnn3YXb9dAALCUQKRLPNyXXFm5LMWCl48FVW/ndlxsEc295DVEV5mmBkgthN2Q==",
      "dev": true,
      "license": "MIT"
    }
  }
}
