# This file is automatically generated by Poetry 1.8.0 and should not be modified manually.

[[package]]
name = "django"
version = "5.0.6"
description = "A high-level Python web framework that encourages rapid development and clean, pragmatic design."
optional = false
python-versions = ">=3.10"
files = []

[[package]]
name = "reportlab"
version = "4.2.0"
description = "The ReportLab Plugin and Engine for dynamic PDF generation"
optional = false
python-versions = ">=3.8"
files = []

[[package]]
name = "celery"
version = "5.4.0"
description = "Distributed Task Queue."
optional = false
python-versions = ">=3.8"
files = []

[[package]]
name = "redis"
version = "5.0.4"
description = "Python client for Redis key-value store"
optional = false
python-versions = ">=3.8"
files = []

[[package]]
name = "gunicorn"
version = "22.0.0"
description = "WSGI HTTP Server for UNIX"
optional = false
python-versions = ">=3.7"
files = []

[metadata]
lock-version = "2.0"
python-versions = "^3.11"
content-hash = "c1n3v3rs3-l0ckf1l3-h4sh-9908123"
